# THIS IS AN AUTOGENERATED FILE. DO NOT EDIT THIS FILE DIRECTLY.
# yarn lockfile v1


"@types/jquery@*", "@types/jquery@^3":
  version "3.5.33"
  resolved "https://registry.yarnpkg.com/@types/jquery/-/jquery-3.5.33.tgz#f42f40bac3edd84abdc9f6297d28e570fe463b35"
  integrity sha512-SeyVJXlCZpEki5F0ghuYe+L+PprQta6nRZqhONt9F13dWBtR/ftoaIbdRQ7cis7womE+X2LKhsDdDtkkDhJS6g==
  dependencies:
    "@types/sizzle" "*"

"@types/jqueryui@^1":
  version "1.12.24"
  resolved "https://registry.yarnpkg.com/@types/jqueryui/-/jqueryui-1.12.24.tgz#e78e862b0da13b9adb4f25ff8a00d7175c85860a"
  integrity sha512-E2sGULwzMhg4kAeOV+gYcXjg988RuPkviWCt09jLe6GGK9sHM7dTqS8H7JMuUWoZQBucIBzBAgM5o/ezKUFkeg==
  dependencies:
    "@types/jquery" "*"

"@types/sizzle@*":
  version "2.3.10"
  resolved "https://registry.yarnpkg.com/@types/sizzle/-/sizzle-2.3.10.tgz#277a542aff6776d8a9b15f2ac682a663e3e94bbd"
  integrity sha512-TC0dmN0K8YcWEAEfiPi5gJP14eJe30TTGjkvek3iM/1NdHHsdCA/Td6GvNndMOo/iSnIsZ4HuuhrYPDAmbxzww==

typescript@~5.9:
  version "5.9.3"
  resolved "https://registry.yarnpkg.com/typescript/-/typescript-5.9.3.tgz#5b4f59e15310ab17a216f5d6cf53ee476ede670f"
  integrity sha512-jl1vZzPDinLr9eUt3J/t7V6FgNEw9QjvBPdysz9KfQDD41fQrC2Y4vKQdiaUpFT4bXlb1RHhLpp8wtm6M5TgSw==
